
Microsoft Visual Studio Solution File, Format Version 12.00
# Visual Studio Version 16
VisualStudioVersion = 16.0.32002.261
MinimumVisualStudioVersion = 10.0.40219.1
Project("{9A19103F-16F7-4668-BE54-9A1E7A4F7556}") = "APIDemo", "APIDemo.csproj", "{0F4A0913-F02D-4EBE-94E1-ECD8F315F995}"
EndProject
Global
	GlobalSection(SolutionConfigurationPlatforms) = preSolution
		Debug|Any CPU = Debug|Any CPU
		Release|Any CPU = Release|Any CPU
	EndGlobalSection
	GlobalSection(ProjectConfigurationPlatforms) = postSolution
		{0F4A0913-F02D-4EBE-94E1-ECD8F315F995}.Debug|Any CPU.ActiveCfg = Debug|Any CPU
		{0F4A0913-F02D-4EBE-94E1-ECD8F315F995}.Debug|Any CPU.Build.0 = Debug|Any CPU
		{0F4A0913-F02D-4EBE-94E1-ECD8F315F995}.Release|Any CPU.ActiveCfg = Release|Any CPU
		{0F4A0913-F02D-4EBE-94E1-ECD8F315F995}.Release|Any CPU.Build.0 = Release|Any CPU
	EndGlobalSection
	GlobalSection(SolutionProperties) = preSolution
		HideSolutionNode = FALSE
	EndGlobalSection
	GlobalSection(ExtensibilityGlobals) = postSolution
		SolutionGuid = {204A66A8-6A15-4E3A-8975-54E68418E533}
	EndGlobalSection
EndGlobal
